#MicroXplorer Configuration settings - do not modify
#Fri Oct 02 20:12:22 CEST 2015
CAN.CalculateTimeBit-Master=6000
CAN.CalculateTimeQuantum-Master=2000
CAN.IPParameters=CalculateTimeQuantum-Master,CalculateTimeBit-Master
File.Version=4
KeepUserPlacement=true
Mcu.Family=STM32F0
Mcu.IP0=CAN
Mcu.IP1=CRC
Mcu.IP2=IWDG
Mcu.IP3=NVIC
Mcu.IP4=RCC
Mcu.IP5=USART2
Mcu.IP6=USART3
Mcu.IP7=USB
Mcu.IPNb=8
Mcu.Name=STM32F072C(8-B)Tx
Mcu.Package=LQFP48
Mcu.Pin0=PA0
Mcu.Pin1=PA1
Mcu.Pin10=VP_CRC_VS_CRC
Mcu.Pin11=VP_IWDG_VS_IWDG
Mcu.Pin2=PA2
Mcu.Pin3=PA3
Mcu.Pin4=PB10
Mcu.Pin5=PB11
Mcu.Pin6=PA11
Mcu.Pin7=PA12
Mcu.Pin8=PB8
Mcu.Pin9=PB9
Mcu.PinsNb=12
Mcu.UserName=STM32F072CBTx
NVIC.SysTick_IRQn=true\:0\:0
PA0.Mode=CTS_RTS
PA0.Signal=USART2_CTS
PA1.Mode=CTS_RTS
PA1.Signal=USART2_RTS
PA11.Mode=Device
PA11.Signal=USB_DM
PA12.Mode=Device
PA12.Signal=USB_DP
PA2.Mode=Asynchronous
PA2.Signal=USART2_TX
PA3.Mode=Asynchronous
PA3.Signal=USART2_RX
PB10.Mode=Asynchronous
PB10.Signal=USART3_TX
PB11.Mode=Asynchronous
PB11.Signal=USART3_RX
PB8.Mode=Master
PB8.Signal=CAN_RX
PB9.Mode=Master
PB9.Signal=CAN_TX
PCC.Family=STM32F0
PCC.MCU=STM32F072C(8-B)Tx
PCC.MXVersion=4.3.1
PCC.PartNumber=STM32F072CBTx
PCC.Seq0=0
PCC.SubFamily=STM32F0x2
PCC.Temperature=25
PCC.Vdd=3.6
RCC.FamilyName=M
RCC.IPParameters=,FamilyName
VP_CRC_VS_CRC.Mode=CRC_Activate
VP_CRC_VS_CRC.Signal=CRC_VS_CRC
VP_IWDG_VS_IWDG.Mode=IWDG_Activate
VP_IWDG_VS_IWDG.Signal=IWDG_VS_IWDG
